
Microsoft Visual Studio Solution File, Format Version 12.00
# Visual Studio Version 17
VisualStudioVersion = 17.5.33516.290
MinimumVisualStudioVersion = 10.0.40219.1
Project("{9A19103F-16F7-4668-BE54-9A1E7A4F7556}") = "Core_Proje", "Core_Proje\Core_Proje.csproj", "{26DDD2A9-19D6-44E0-B0C5-8F2CA9CDFB6C}"
EndProject
Project("{9A19103F-16F7-4668-BE54-9A1E7A4F7556}") = "BusinessLayer", "BusinessLayer\BusinessLayer.csproj", "{CA59786B-B3AE-4618-BFF7-1B9C63555746}"
EndProject
Project("{9A19103F-16F7-4668-BE54-9A1E7A4F7556}") = "DataAccessLayer", "DataAccessLayer\DataAccessLayer.csproj", "{60F48E0F-9FD5-42BC-9DBD-C03C5BC5080B}"
EndProject
Project("{9A19103F-16F7-4668-BE54-9A1E7A4F7556}") = "EntityLayer", "EntityLayer\EntityLayer.csproj", "{DAB6E906-6584-4795-81C5-08BAC9F01991}"
EndProject
Project("{FAE04EC0-301F-11D3-BF4B-00C04F79EFBC}") = "Core_Proje_Api", "Core_Proje_Api\Core_Proje_Api.csproj", "{6B860F8C-B9E0-4661-B479-8AB861B12EB8}"
EndProject
Global
	GlobalSection(SolutionConfigurationPlatforms) = preSolution
		Debug|Any CPU = Debug|Any CPU
		Release|Any CPU = Release|Any CPU
	EndGlobalSection
	GlobalSection(ProjectConfigurationPlatforms) = postSolution
		{26DDD2A9-19D6-44E0-B0C5-8F2CA9CDFB6C}.Debug|Any CPU.ActiveCfg = Debug|Any CPU
		{26DDD2A9-19D6-44E0-B0C5-8F2CA9CDFB6C}.Debug|Any CPU.Build.0 = Debug|Any CPU
		{26DDD2A9-19D6-44E0-B0C5-8F2CA9CDFB6C}.Release|Any CPU.ActiveCfg = Release|Any CPU
		{26DDD2A9-19D6-44E0-B0C5-8F2CA9CDFB6C}.Release|Any CPU.Build.0 = Release|Any CPU
		{CA59786B-B3AE-4618-BFF7-1B9C63555746}.Debug|Any CPU.ActiveCfg = Debug|Any CPU
		{CA59786B-B3AE-4618-BFF7-1B9C63555746}.Debug|Any CPU.Build.0 = Debug|Any CPU
		{CA59786B-B3AE-4618-BFF7-1B9C63555746}.Release|Any CPU.ActiveCfg = Release|Any CPU
		{CA59786B-B3AE-4618-BFF7-1B9C63555746}.Release|Any CPU.Build.0 = Release|Any CPU
		{60F48E0F-9FD5-42BC-9DBD-C03C5BC5080B}.Debug|Any CPU.ActiveCfg = Debug|Any CPU
		{60F48E0F-9FD5-42BC-9DBD-C03C5BC5080B}.Debug|Any CPU.Build.0 = Debug|Any CPU
		{60F48E0F-9FD5-42BC-9DBD-C03C5BC5080B}.Release|Any CPU.ActiveCfg = Release|Any CPU
		{60F48E0F-9FD5-42BC-9DBD-C03C5BC5080B}.Release|Any CPU.Build.0 = Release|Any CPU
		{DAB6E906-6584-4795-81C5-08BAC9F01991}.Debug|Any CPU.ActiveCfg = Debug|Any CPU
		{DAB6E906-6584-4795-81C5-08BAC9F01991}.Debug|Any CPU.Build.0 = Debug|Any CPU
		{DAB6E906-6584-4795-81C5-08BAC9F01991}.Release|Any CPU.ActiveCfg = Release|Any CPU
		{DAB6E906-6584-4795-81C5-08BAC9F01991}.Release|Any CPU.Build.0 = Release|Any CPU
		{6B860F8C-B9E0-4661-B479-8AB861B12EB8}.Debug|Any CPU.ActiveCfg = Debug|Any CPU
		{6B860F8C-B9E0-4661-B479-8AB861B12EB8}.Debug|Any CPU.Build.0 = Debug|Any CPU
		{6B860F8C-B9E0-4661-B479-8AB861B12EB8}.Release|Any CPU.ActiveCfg = Release|Any CPU
		{6B860F8C-B9E0-4661-B479-8AB861B12EB8}.Release|Any CPU.Build.0 = Release|Any CPU
	EndGlobalSection
	GlobalSection(SolutionProperties) = preSolution
		HideSolutionNode = FALSE
	EndGlobalSection
	GlobalSection(ExtensibilityGlobals) = postSolution
		SolutionGuid = {5DFCA162-8AA0-4AB1-A978-F62A33E23D78}
	EndGlobalSection
EndGlobal
